
Microsoft Visual Studio Solution File, Format Version 12.00
Project("{F2A71F9B-5D33-465A-A702-920D77279786}") = "MarsRover", "MarsRover\MarsRover.fsproj", "{AC59832C-95EA-4889-8E36-163B4C7D12CE}"
EndProject
Project("{F2A71F9B-5D33-465A-A702-920D77279786}") = "MarsRover.Tests", "MarsRover.Tests\MarsRover.Tests.fsproj", "{8E6E0BD0-CD21-430F-9563-3EB359EE35C8}"
EndProject
Global
	GlobalSection(SolutionConfigurationPlatforms) = preSolution
		Debug|Any CPU = Debug|Any CPU
		Release|Any CPU = Release|Any CPU
	EndGlobalSection
	GlobalSection(ProjectConfigurationPlatforms) = postSolution
		{AC59832C-95EA-4889-8E36-163B4C7D12CE}.Debug|Any CPU.ActiveCfg = Debug|Any CPU
		{AC59832C-95EA-4889-8E36-163B4C7D12CE}.Debug|Any CPU.Build.0 = Debug|Any CPU
		{AC59832C-95EA-4889-8E36-163B4C7D12CE}.Release|Any CPU.ActiveCfg = Release|Any CPU
		{AC59832C-95EA-4889-8E36-163B4C7D12CE}.Release|Any CPU.Build.0 = Release|Any CPU
		{8E6E0BD0-CD21-430F-9563-3EB359EE35C8}.Debug|Any CPU.ActiveCfg = Debug|Any CPU
		{8E6E0BD0-CD21-430F-9563-3EB359EE35C8}.Debug|Any CPU.Build.0 = Debug|Any CPU
		{8E6E0BD0-CD21-430F-9563-3EB359EE35C8}.Release|Any CPU.ActiveCfg = Release|Any CPU
		{8E6E0BD0-CD21-430F-9563-3EB359EE35C8}.Release|Any CPU.Build.0 = Release|Any CPU
	EndGlobalSection
EndGlobal
